
Microsoft Visual Studio Solution File, Format Version 12.00
# Visual Studio Version 16
VisualStudioVersion = 16.0.29306.81
MinimumVisualStudioVersion = 10.0.40219.1
Project("{FAE04EC0-301F-11D3-BF4B-00C04F79EFBC}") = "wmap_analysis", "wmap_analysis.csproj", "{CC391CF9-E29C-4862-83BB-5CB1DB683C32}"
EndProject
Global
	GlobalSection(SolutionConfigurationPlatforms) = preSolution
		Debug|Any CPU = Debug|Any CPU
		Release|Any CPU = Release|Any CPU
	EndGlobalSection
	GlobalSection(ProjectConfigurationPlatforms) = postSolution
		{CC391CF9-E29C-4862-83BB-5CB1DB683C32}.Debug|Any CPU.ActiveCfg = Debug|Any CPU
		{CC391CF9-E29C-4862-83BB-5CB1DB683C32}.Debug|Any CPU.Build.0 = Debug|Any CPU
		{CC391CF9-E29C-4862-83BB-5CB1DB683C32}.Release|Any CPU.ActiveCfg = Release|Any CPU
		{CC391CF9-E29C-4862-83BB-5CB1DB683C32}.Release|Any CPU.Build.0 = Release|Any CPU
	EndGlobalSection
	GlobalSection(SolutionProperties) = preSolution
		HideSolutionNode = FALSE
	EndGlobalSection
	GlobalSection(ExtensibilityGlobals) = postSolution
		SolutionGuid = {096069A1-1441-4E35-902F-42F7229896D2}
	EndGlobalSection
EndGlobal
